
Microsoft Visual Studio Solution File, Format Version 12.00
# Blend for Visual Studio Version 16
VisualStudioVersion = 16.0.30907.101
MinimumVisualStudioVersion = 10.0.40219.1
Project("{FAE04EC0-301F-11D3-BF4B-00C04F79EFBC}") = "ImageColor", "ImageColor\ImageColor.csproj", "{75A51BE4-06EB-4793-BB59-98FA9E93DF99}"
EndProject
Global
	GlobalSection(SolutionConfigurationPlatforms) = preSolution
		Debug|Any CPU = Debug|Any CPU
		Release|Any CPU = Release|Any CPU
	EndGlobalSection
	GlobalSection(ProjectConfigurationPlatforms) = postSolution
		{75A51BE4-06EB-4793-BB59-98FA9E93DF99}.Debug|Any CPU.ActiveCfg = Debug|Any CPU
		{75A51BE4-06EB-4793-BB59-98FA9E93DF99}.Debug|Any CPU.Build.0 = Debug|Any CPU
		{75A51BE4-06EB-4793-BB59-98FA9E93DF99}.Release|Any CPU.ActiveCfg = Release|Any CPU
		{75A51BE4-06EB-4793-BB59-98FA9E93DF99}.Release|Any CPU.Build.0 = Release|Any CPU
	EndGlobalSection
	GlobalSection(SolutionProperties) = preSolution
		HideSolutionNode = FALSE
	EndGlobalSection
	GlobalSection(ExtensibilityGlobals) = postSolution
		SolutionGuid = {1936D1A6-B7C2-404B-AC33-AE800C99E3A2}
	EndGlobalSection
EndGlobal
